
Microsoft Visual Studio Solution File, Format Version 12.00
# Visual Studio Version 17
VisualStudioVersion = 17.5.33530.505
MinimumVisualStudioVersion = 10.0.40219.1
Project("{FAE04EC0-301F-11D3-BF4B-00C04F79EFBC}") = "ReadingDiaryBot", "ReadingDiaryBot.csproj", "{FD8AC188-8323-418B-812B-75EF333917C0}"
EndProject
Global
	GlobalSection(SolutionConfigurationPlatforms) = preSolution
		Debug|Any CPU = Debug|Any CPU
		Release|Any CPU = Release|Any CPU
	EndGlobalSection
	GlobalSection(ProjectConfigurationPlatforms) = postSolution
		{FD8AC188-8323-418B-812B-75EF333917C0}.Debug|Any CPU.ActiveCfg = Debug|Any CPU
		{FD8AC188-8323-418B-812B-75EF333917C0}.Debug|Any CPU.Build.0 = Debug|Any CPU
		{FD8AC188-8323-418B-812B-75EF333917C0}.Release|Any CPU.ActiveCfg = Release|Any CPU
		{FD8AC188-8323-418B-812B-75EF333917C0}.Release|Any CPU.Build.0 = Release|Any CPU
	EndGlobalSection
	GlobalSection(SolutionProperties) = preSolution
		HideSolutionNode = FALSE
	EndGlobalSection
	GlobalSection(ExtensibilityGlobals) = postSolution
		SolutionGuid = {7C71338F-66AE-4B24-979F-4CAB0CEFEF79}
	EndGlobalSection
EndGlobal
